
Microsoft Visual Studio Solution File, Format Version 12.00
# Visual Studio Version 16
VisualStudioVersion = 16.0.30517.126
MinimumVisualStudioVersion = 10.0.40219.1
Project("{FAE04EC0-301F-11D3-BF4B-00C04F79EFBC}") = "NoteTakingApp", "NoteTakingApp\NoteTakingApp.csproj", "{144DF8EF-FC4C-418F-9A7A-C37989252F7D}"
EndProject
Global
	GlobalSection(SolutionConfigurationPlatforms) = preSolution
		Debug|Any CPU = Debug|Any CPU
		Release|Any CPU = Release|Any CPU
	EndGlobalSection
	GlobalSection(ProjectConfigurationPlatforms) = postSolution
		{144DF8EF-FC4C-418F-9A7A-C37989252F7D}.Debug|Any CPU.ActiveCfg = Debug|Any CPU
		{144DF8EF-FC4C-418F-9A7A-C37989252F7D}.Debug|Any CPU.Build.0 = Debug|Any CPU
		{144DF8EF-FC4C-418F-9A7A-C37989252F7D}.Release|Any CPU.ActiveCfg = Release|Any CPU
		{144DF8EF-FC4C-418F-9A7A-C37989252F7D}.Release|Any CPU.Build.0 = Release|Any CPU
	EndGlobalSection
	GlobalSection(SolutionProperties) = preSolution
		HideSolutionNode = FALSE
	EndGlobalSection
	GlobalSection(ExtensibilityGlobals) = postSolution
		SolutionGuid = {986A57CF-05E3-42DA-8F84-85947735F057}
	EndGlobalSection
EndGlobal
